
Microsoft Visual Studio Solution File, Format Version 12.00
# Visual Studio Version 16
VisualStudioVersion = 16.0.31005.135
MinimumVisualStudioVersion = 10.0.40219.1
Project("{9A19103F-16F7-4668-BE54-9A1E7A4F7556}") = "Api", "MedioSocial.api\Api.csproj", "{D4EBDECD-500D-46B2-AFCE-F9E7A0090C5F}"
EndProject
Project("{9A19103F-16F7-4668-BE54-9A1E7A4F7556}") = "App.core", "MedioSocial.core\App.core.csproj", "{34E69062-38F6-4280-B638-DB4438DFEDDC}"
EndProject
Project("{FAE04EC0-301F-11D3-BF4B-00C04F79EFBC}") = "App.infraestructura", "MedioSocial.infraestructura\App.infraestructura.csproj", "{49BFFA8B-828E-4697-A2A4-A19E217CDCD2}"
EndProject
Global
	GlobalSection(SolutionConfigurationPlatforms) = preSolution
		Debug|Any CPU = Debug|Any CPU
		Release|Any CPU = Release|Any CPU
	EndGlobalSection
	GlobalSection(ProjectConfigurationPlatforms) = postSolution
		{D4EBDECD-500D-46B2-AFCE-F9E7A0090C5F}.Debug|Any CPU.ActiveCfg = Debug|Any CPU
		{D4EBDECD-500D-46B2-AFCE-F9E7A0090C5F}.Debug|Any CPU.Build.0 = Debug|Any CPU
		{D4EBDECD-500D-46B2-AFCE-F9E7A0090C5F}.Release|Any CPU.ActiveCfg = Release|Any CPU
		{D4EBDECD-500D-46B2-AFCE-F9E7A0090C5F}.Release|Any CPU.Build.0 = Release|Any CPU
		{34E69062-38F6-4280-B638-DB4438DFEDDC}.Debug|Any CPU.ActiveCfg = Debug|Any CPU
		{34E69062-38F6-4280-B638-DB4438DFEDDC}.Debug|Any CPU.Build.0 = Debug|Any CPU
		{34E69062-38F6-4280-B638-DB4438DFEDDC}.Release|Any CPU.ActiveCfg = Release|Any CPU
		{34E69062-38F6-4280-B638-DB4438DFEDDC}.Release|Any CPU.Build.0 = Release|Any CPU
		{49BFFA8B-828E-4697-A2A4-A19E217CDCD2}.Debug|Any CPU.ActiveCfg = Debug|Any CPU
		{49BFFA8B-828E-4697-A2A4-A19E217CDCD2}.Debug|Any CPU.Build.0 = Debug|Any CPU
		{49BFFA8B-828E-4697-A2A4-A19E217CDCD2}.Release|Any CPU.ActiveCfg = Release|Any CPU
		{49BFFA8B-828E-4697-A2A4-A19E217CDCD2}.Release|Any CPU.Build.0 = Release|Any CPU
	EndGlobalSection
	GlobalSection(SolutionProperties) = preSolution
		HideSolutionNode = FALSE
	EndGlobalSection
	GlobalSection(ExtensibilityGlobals) = postSolution
		SolutionGuid = {8AEFF08B-8CFE-4B67-A64B-0C62DDE233BC}
	EndGlobalSection
EndGlobal
